// !$*UTF8*$!
{
	archiveVersion = 1;
	classes = {
	};
	objectVersion = 46;
	objects = {

/* Begin PBXBuildFile section */
		2F5D7EC81D52970B00B2269C /* NetworkManager.cpp in Sources */ = {isa = PBXBuildFile; fileRef = 2F5D7EC61D52970B00B2269C /* NetworkManager.cpp */; };
		2F5D7ED51D52A17500B2269C /* Packet.cpp in Sources */ = {isa = PBXBuildFile; fileRef = 2F5D7ED31D52A17500B2269C /* Packet.cpp */; };
		2F5D7ED91D52B3C100B2269C /* LoginRequestPacket.cpp in Sources */ = {isa = PBXBuildFile; fileRef = 2F5D7ED71D52B3C100B2269C /* LoginRequestPacket.cpp */; };
		2F5D7EE21D53D70400B2269C /* NetworkAdapteriOS.mm in Sources */ = {isa = PBXBuildFile; fileRef = 2F5D7EE01D53D70400B2269C /* NetworkAdapteriOS.mm */; };
		2F5D7EE41D53FCBA00B2269C /* NetworkAdapter.cpp in Sources */ = {isa = PBXBuildFile; fileRef = 2F5D7EE31D53FCBA00B2269C /* NetworkAdapter.cpp */; };
		2F5D7EEC1D5659F000B2269C /* LoginSeedPacket.cpp in Sources */ = {isa = PBXBuildFile; fileRef = 2F5D7EEA1D5659F000B2269C /* LoginSeedPacket.cpp */; };
		2F5D7EF11D58095B00B2269C /* LoginDeniedPacket.cpp in Sources */ = {isa = PBXBuildFile; fileRef = 2F5D7EEF1D58095B00B2269C /* LoginDeniedPacket.cpp */; };
		2F5D7EF41D580EDA00B2269C /* GameServerListPacket.cpp in Sources */ = {isa = PBXBuildFile; fileRef = 2F5D7EF21D580EDA00B2269C /* GameServerListPacket.cpp */; };
		2F5D7EF71D5A7AA400B2269C /* PacketHandler.cpp in Sources */ = {isa = PBXBuildFile; fileRef = 2F5D7EF51D5A7AA400B2269C /* PacketHandler.cpp */; };
		2F5D7EFC1D5B72B700B2269C /* Game.cpp in Sources */ = {isa = PBXBuildFile; fileRef = 2F5D7EFA1D5B72B700B2269C /* Game.cpp */; };
		2F5D7EFF1D5CF30A00B2269C /* Log.cpp in Sources */ = {isa = PBXBuildFile; fileRef = 2F5D7EFD1D5CF30A00B2269C /* Log.cpp */; };
		2F5D7F041D5E5A4C00B2269C /* ClientPacket.cpp in Sources */ = {isa = PBXBuildFile; fileRef = 2F5D7F021D5E5A4C00B2269C /* ClientPacket.cpp */; };
		2F5D7F071D5E602C00B2269C /* ServerPacket.cpp in Sources */ = {isa = PBXBuildFile; fileRef = 2F5D7F051D5E602C00B2269C /* ServerPacket.cpp */; };
		2FDB1D301C4A690800565F94 /* main.mm in Sources */ = {isa = PBXBuildFile; fileRef = 2FDB1D2F1C4A690800565F94 /* main.mm */; };
		2FDDB68B1D5FC6B10067E41D /* SelectServerPacket.cpp in Sources */ = {isa = PBXBuildFile; fileRef = 2FDDB6891D5FC6B10067E41D /* SelectServerPacket.cpp */; };
		2FDDB68E1D5FC8CD0067E41D /* ConnectToGameServerPacket.cpp in Sources */ = {isa = PBXBuildFile; fileRef = 2FDDB68C1D5FC8CD0067E41D /* ConnectToGameServerPacket.cpp */; };
/* End PBXBuildFile section */

/* Begin PBXCopyFilesBuildPhase section */
		2FDB1D2A1C4A690800565F94 /* CopyFiles */ = {
			isa = PBXCopyFilesBuildPhase;
			buildActionMask = 2147483647;
			dstPath = /usr/share/man/man1/;
			dstSubfolderSpec = 0;
			files = (
			);
			runOnlyForDeploymentPostprocessing = 1;
		};
/* End PBXCopyFilesBuildPhase section */

/* Begin PBXFileReference section */
		04C5CDF61CC7E65A00D0BD13 /* SkillLock.h */ = {isa = PBXFileReference; lastKnownFileType = sourcecode.c.h; path = SkillLock.h; sourceTree = "<group>"; };
		2F4E5C2E1CCA3D9E00BC8E04 /* SkillName.h */ = {isa = PBXFileReference; lastKnownFileType = sourcecode.c.h; path = SkillName.h; sourceTree = "<group>"; };
		2F4E5C3F1CCA886B00BC8E04 /* Object.h */ = {isa = PBXFileReference; fileEncoding = 4; lastKnownFileType = sourcecode.c.h; path = Object.h; sourceTree = "<group>"; };
		2F5D7EC61D52970B00B2269C /* NetworkManager.cpp */ = {isa = PBXFileReference; fileEncoding = 4; lastKnownFileType = sourcecode.cpp.cpp; path = NetworkManager.cpp; sourceTree = "<group>"; };
		2F5D7EC71D52970B00B2269C /* NetworkManager.h */ = {isa = PBXFileReference; fileEncoding = 4; lastKnownFileType = sourcecode.c.h; path = NetworkManager.h; sourceTree = "<group>"; };
		2F5D7ED31D52A17500B2269C /* Packet.cpp */ = {isa = PBXFileReference; fileEncoding = 4; lastKnownFileType = sourcecode.cpp.cpp; path = Packet.cpp; sourceTree = "<group>"; };
		2F5D7ED41D52A17500B2269C /* Packet.h */ = {isa = PBXFileReference; explicitFileType = sourcecode.cpp.h; fileEncoding = 4; path = Packet.h; sourceTree = "<group>"; };
		2F5D7ED71D52B3C100B2269C /* LoginRequestPacket.cpp */ = {isa = PBXFileReference; fileEncoding = 4; lastKnownFileType = sourcecode.cpp.cpp; path = LoginRequestPacket.cpp; sourceTree = "<group>"; };
		2F5D7ED81D52B3C100B2269C /* LoginRequestPacket.h */ = {isa = PBXFileReference; fileEncoding = 4; lastKnownFileType = sourcecode.c.h; path = LoginRequestPacket.h; sourceTree = "<group>"; };
		2F5D7EDA1D53B07D00B2269C /* NetworkAdapter.h */ = {isa = PBXFileReference; lastKnownFileType = sourcecode.c.h; path = NetworkAdapter.h; sourceTree = "<group>"; };
		2F5D7EE01D53D70400B2269C /* NetworkAdapteriOS.mm */ = {isa = PBXFileReference; fileEncoding = 4; lastKnownFileType = sourcecode.cpp.objcpp; path = NetworkAdapteriOS.mm; sourceTree = "<group>"; };
		2F5D7EE11D53D70400B2269C /* NetworkAdapteriOS.h */ = {isa = PBXFileReference; fileEncoding = 4; lastKnownFileType = sourcecode.c.h; path = NetworkAdapteriOS.h; sourceTree = "<group>"; };
		2F5D7EE31D53FCBA00B2269C /* NetworkAdapter.cpp */ = {isa = PBXFileReference; explicitFileType = sourcecode.cpp.objcpp.preprocessed; fileEncoding = 4; path = NetworkAdapter.cpp; sourceTree = "<group>"; };
		2F5D7EEA1D5659F000B2269C /* LoginSeedPacket.cpp */ = {isa = PBXFileReference; fileEncoding = 4; lastKnownFileType = sourcecode.cpp.cpp; path = LoginSeedPacket.cpp; sourceTree = "<group>"; };
		2F5D7EEB1D5659F000B2269C /* LoginSeedPacket.h */ = {isa = PBXFileReference; fileEncoding = 4; lastKnownFileType = sourcecode.c.h; path = LoginSeedPacket.h; sourceTree = "<group>"; };
		2F5D7EEF1D58095B00B2269C /* LoginDeniedPacket.cpp */ = {isa = PBXFileReference; fileEncoding = 4; lastKnownFileType = sourcecode.cpp.cpp; path = LoginDeniedPacket.cpp; sourceTree = "<group>"; };
		2F5D7EF01D58095B00B2269C /* LoginDeniedPacket.h */ = {isa = PBXFileReference; fileEncoding = 4; lastKnownFileType = sourcecode.c.h; path = LoginDeniedPacket.h; sourceTree = "<group>"; };
		2F5D7EF21D580EDA00B2269C /* GameServerListPacket.cpp */ = {isa = PBXFileReference; fileEncoding = 4; lastKnownFileType = sourcecode.cpp.cpp; path = GameServerListPacket.cpp; sourceTree = "<group>"; };
		2F5D7EF31D580EDA00B2269C /* GameServerListPacket.h */ = {isa = PBXFileReference; fileEncoding = 4; lastKnownFileType = sourcecode.c.h; path = GameServerListPacket.h; sourceTree = "<group>"; };
		2F5D7EF51D5A7AA400B2269C /* PacketHandler.cpp */ = {isa = PBXFileReference; fileEncoding = 4; lastKnownFileType = sourcecode.cpp.cpp; path = PacketHandler.cpp; sourceTree = "<group>"; };
		2F5D7EF61D5A7AA400B2269C /* PacketHandler.h */ = {isa = PBXFileReference; fileEncoding = 4; lastKnownFileType = sourcecode.c.h; path = PacketHandler.h; sourceTree = "<group>"; };
		2F5D7EF81D5A80A000B2269C /* IPacketHandler.h */ = {isa = PBXFileReference; explicitFileType = sourcecode.cpp.h; path = IPacketHandler.h; sourceTree = "<group>"; };
		2F5D7EFA1D5B72B700B2269C /* Game.cpp */ = {isa = PBXFileReference; fileEncoding = 4; lastKnownFileType = sourcecode.cpp.cpp; path = Game.cpp; sourceTree = "<group>"; };
		2F5D7EFB1D5B72B700B2269C /* Game.h */ = {isa = PBXFileReference; fileEncoding = 4; lastKnownFileType = sourcecode.c.h; path = Game.h; sourceTree = "<group>"; };
		2F5D7EFD1D5CF30A00B2269C /* Log.cpp */ = {isa = PBXFileReference; fileEncoding = 4; lastKnownFileType = sourcecode.cpp.cpp; name = Log.cpp; path = log/Log.cpp; sourceTree = "<group>"; };
		2F5D7EFE1D5CF30A00B2269C /* Log.h */ = {isa = PBXFileReference; fileEncoding = 4; lastKnownFileType = sourcecode.c.h; name = Log.h; path = log/Log.h; sourceTree = "<group>"; };
		2F5D7F011D5E576C00B2269C /* ServerPackets.h */ = {isa = PBXFileReference; lastKnownFileType = sourcecode.c.h; path = ServerPackets.h; sourceTree = "<group>"; };
		2F5D7F021D5E5A4C00B2269C /* ClientPacket.cpp */ = {isa = PBXFileReference; fileEncoding = 4; lastKnownFileType = sourcecode.cpp.cpp; path = ClientPacket.cpp; sourceTree = "<group>"; };
		2F5D7F031D5E5A4C00B2269C /* ClientPacket.h */ = {isa = PBXFileReference; fileEncoding = 4; lastKnownFileType = sourcecode.c.h; path = ClientPacket.h; sourceTree = "<group>"; };
		2F5D7F051D5E602C00B2269C /* ServerPacket.cpp */ = {isa = PBXFileReference; fileEncoding = 4; lastKnownFileType = sourcecode.cpp.cpp; path = ServerPacket.cpp; sourceTree = "<group>"; };
		2F5D7F061D5E602C00B2269C /* ServerPacket.h */ = {isa = PBXFileReference; fileEncoding = 4; lastKnownFileType = sourcecode.c.h; path = ServerPacket.h; sourceTree = "<group>"; };
		2FDB1D2C1C4A690800565F94 /* UltimaOnlineCore */ = {isa = PBXFileReference; explicitFileType = "compiled.mach-o.executable"; includeInIndex = 0; path = UltimaOnlineCore; sourceTree = BUILT_PRODUCTS_DIR; };
		2FDB1D2F1C4A690800565F94 /* main.mm */ = {isa = PBXFileReference; lastKnownFileType = sourcecode.cpp.objcpp; path = main.mm; sourceTree = "<group>"; };
		2FDDB6891D5FC6B10067E41D /* SelectServerPacket.cpp */ = {isa = PBXFileReference; fileEncoding = 4; lastKnownFileType = sourcecode.cpp.cpp; path = SelectServerPacket.cpp; sourceTree = "<group>"; };
		2FDDB68A1D5FC6B10067E41D /* SelectServerPacket.h */ = {isa = PBXFileReference; fileEncoding = 4; lastKnownFileType = sourcecode.c.h; path = SelectServerPacket.h; sourceTree = "<group>"; };
		2FDDB68C1D5FC8CD0067E41D /* ConnectToGameServerPacket.cpp */ = {isa = PBXFileReference; fileEncoding = 4; lastKnownFileType = sourcecode.cpp.cpp; path = ConnectToGameServerPacket.cpp; sourceTree = "<group>"; };
		2FDDB68D1D5FC8CD0067E41D /* ConnectToGameServerPacket.h */ = {isa = PBXFileReference; fileEncoding = 4; lastKnownFileType = sourcecode.c.h; path = ConnectToGameServerPacket.h; sourceTree = "<group>"; };
/* End PBXFileReference section */

/* Begin PBXFrameworksBuildPhase section */
		2FDB1D291C4A690800565F94 /* Frameworks */ = {
			isa = PBXFrameworksBuildPhase;
			buildActionMask = 2147483647;
			files = (
			);
			runOnlyForDeploymentPostprocessing = 0;
		};
/* End PBXFrameworksBuildPhase section */

/* Begin PBXGroup section */
		04C5CDF71CC7E66000D0BD13 /* Types */ = {
			isa = PBXGroup;
			children = (
				2F4E5C3F1CCA886B00BC8E04 /* Object.h */,
				04C5CDF61CC7E65A00D0BD13 /* SkillLock.h */,
				2F4E5C2E1CCA3D9E00BC8E04 /* SkillName.h */,
			);
			name = Types;
			sourceTree = "<group>";
		};
		2F4E5C0C1CB93F1000BC8E04 /* Core */ = {
			isa = PBXGroup;
			children = (
				2F5D7EF91D5B725400B2269C /* Game */,
				2F5D7EE51D5407FF00B2269C /* Log */,
				2F5D7EDB1D53D63600B2269C /* Platform-Specific */,
				2F5D7EC51D5296B700B2269C /* Network */,
				04C5CDF71CC7E66000D0BD13 /* Types */,
			);
			name = Core;
			path = core;
			sourceTree = "<group>";
		};
		2F5D7EC51D5296B700B2269C /* Network */ = {
			isa = PBXGroup;
			children = (
				2F5D7ED61D52B36B00B2269C /* Packet */,
				2F5D7EC61D52970B00B2269C /* NetworkManager.cpp */,
				2F5D7EC71D52970B00B2269C /* NetworkManager.h */,
				2F5D7EE31D53FCBA00B2269C /* NetworkAdapter.cpp */,
				2F5D7EDA1D53B07D00B2269C /* NetworkAdapter.h */,
			);
			name = Network;
			path = network;
			sourceTree = "<group>";
		};
		2F5D7ED61D52B36B00B2269C /* Packet */ = {
			isa = PBXGroup;
			children = (
				2F5D7ED31D52A17500B2269C /* Packet.cpp */,
				2F5D7ED41D52A17500B2269C /* Packet.h */,
				2F5D7EF51D5A7AA400B2269C /* PacketHandler.cpp */,
				2F5D7EF61D5A7AA400B2269C /* PacketHandler.h */,
				2F5D7EF81D5A80A000B2269C /* IPacketHandler.h */,
				2F5D7EED1D58093A00B2269C /* Client */,
				2F5D7EEE1D58094500B2269C /* Server */,
			);
			name = Packet;
			path = packet;
			sourceTree = "<group>";
		};
		2F5D7EDB1D53D63600B2269C /* Platform-Specific */ = {
			isa = PBXGroup;
			children = (
				2F5D7EDF1D53D6C900B2269C /* MacOSX */,
				2F5D7EDE1D53D6C000B2269C /* iOS */,
				2F5D7EDC1D53D68E00B2269C /* Android */,
			);
			name = "Platform-Specific";
			path = "platform-specific";
			sourceTree = "<group>";
		};
		2F5D7EDC1D53D68E00B2269C /* Android */ = {
			isa = PBXGroup;
			children = (
			);
			name = Android;
			sourceTree = "<group>";
		};
		2F5D7EDE1D53D6C000B2269C /* iOS */ = {
			isa = PBXGroup;
			children = (
				2F5D7EE01D53D70400B2269C /* NetworkAdapteriOS.mm */,
				2F5D7EE11D53D70400B2269C /* NetworkAdapteriOS.h */,
			);
			name = iOS;
			sourceTree = "<group>";
		};
		2F5D7EDF1D53D6C900B2269C /* MacOSX */ = {
			isa = PBXGroup;
			children = (
			);
			name = MacOSX;
			sourceTree = "<group>";
		};
		2F5D7EE51D5407FF00B2269C /* Log */ = {
			isa = PBXGroup;
			children = (
				2F5D7EFD1D5CF30A00B2269C /* Log.cpp */,
				2F5D7EFE1D5CF30A00B2269C /* Log.h */,
			);
			name = Log;
			sourceTree = "<group>";
		};
		2F5D7EED1D58093A00B2269C /* Client */ = {
			isa = PBXGroup;
			children = (
				2F5D7EEA1D5659F000B2269C /* LoginSeedPacket.cpp */,
				2F5D7EEB1D5659F000B2269C /* LoginSeedPacket.h */,
				2F5D7ED71D52B3C100B2269C /* LoginRequestPacket.cpp */,
				2F5D7ED81D52B3C100B2269C /* LoginRequestPacket.h */,
				2FDDB6891D5FC6B10067E41D /* SelectServerPacket.cpp */,
				2FDDB68A1D5FC6B10067E41D /* SelectServerPacket.h */,
				2F5D7F021D5E5A4C00B2269C /* ClientPacket.cpp */,
				2F5D7F031D5E5A4C00B2269C /* ClientPacket.h */,
			);
			name = Client;
			path = client;
			sourceTree = "<group>";
		};
		2F5D7EEE1D58094500B2269C /* Server */ = {
			isa = PBXGroup;
			children = (
				2F5D7EF21D580EDA00B2269C /* GameServerListPacket.cpp */,
				2F5D7EF31D580EDA00B2269C /* GameServerListPacket.h */,
				2F5D7EEF1D58095B00B2269C /* LoginDeniedPacket.cpp */,
				2F5D7EF01D58095B00B2269C /* LoginDeniedPacket.h */,
				2F5D7F051D5E602C00B2269C /* ServerPacket.cpp */,
				2F5D7F061D5E602C00B2269C /* ServerPacket.h */,
				2F5D7F011D5E576C00B2269C /* ServerPackets.h */,
				2FDDB68C1D5FC8CD0067E41D /* ConnectToGameServerPacket.cpp */,
				2FDDB68D1D5FC8CD0067E41D /* ConnectToGameServerPacket.h */,
			);
			name = Server;
			path = server;
			sourceTree = "<group>";
		};
		2F5D7EF91D5B725400B2269C /* Game */ = {
			isa = PBXGroup;
			children = (
				2F5D7EFA1D5B72B700B2269C /* Game.cpp */,
				2F5D7EFB1D5B72B700B2269C /* Game.h */,
			);
			name = Game;
			path = game;
			sourceTree = "<group>";
		};
		2FDB1D231C4A690800565F94 = {
			isa = PBXGroup;
			children = (
				2FDB1D2E1C4A690800565F94 /* Source */,
				2FDB1D2D1C4A690800565F94 /* Products */,
			);
			sourceTree = "<group>";
		};
		2FDB1D2D1C4A690800565F94 /* Products */ = {
			isa = PBXGroup;
			children = (
				2FDB1D2C1C4A690800565F94 /* UltimaOnlineCore */,
			);
			name = Products;
			sourceTree = "<group>";
		};
		2FDB1D2E1C4A690800565F94 /* Source */ = {
			isa = PBXGroup;
			children = (
				2FDB1D2F1C4A690800565F94 /* main.mm */,
				2F4E5C0C1CB93F1000BC8E04 /* Core */,
			);
			name = Source;
			path = UltimaOnlineCore;
			sourceTree = "<group>";
		};
/* End PBXGroup section */

/* Begin PBXNativeTarget section */
		2FDB1D2B1C4A690800565F94 /* UltimaOnlineCore */ = {
			isa = PBXNativeTarget;
			buildConfigurationList = 2FDB1D331C4A690800565F94 /* Build configuration list for PBXNativeTarget "UltimaOnlineCore" */;
			buildPhases = (
				2FDB1D281C4A690800565F94 /* Sources */,
				2FDB1D291C4A690800565F94 /* Frameworks */,
				2FDB1D2A1C4A690800565F94 /* CopyFiles */,
			);
			buildRules = (
			);
			dependencies = (
			);
			name = UltimaOnlineCore;
			productName = UltimaOnlineCore;
			productReference = 2FDB1D2C1C4A690800565F94 /* UltimaOnlineCore */;
			productType = "com.apple.product-type.tool";
		};
/* End PBXNativeTarget section */

/* Begin PBXProject section */
		2FDB1D241C4A690800565F94 /* Project object */ = {
			isa = PBXProject;
			attributes = {
				LastUpgradeCheck = 0720;
				ORGANIZATIONNAME = "Hercules Junior";
				TargetAttributes = {
					2FDB1D2B1C4A690800565F94 = {
						CreatedOnToolsVersion = 7.2;
					};
				};
			};
			buildConfigurationList = 2FDB1D271C4A690800565F94 /* Build configuration list for PBXProject "UltimaOnlineCore" */;
			compatibilityVersion = "Xcode 3.2";
			developmentRegion = English;
			hasScannedForEncodings = 0;
			knownRegions = (
				en,
			);
			mainGroup = 2FDB1D231C4A690800565F94;
			productRefGroup = 2FDB1D2D1C4A690800565F94 /* Products */;
			projectDirPath = "";
			projectRoot = "";
			targets = (
				2FDB1D2B1C4A690800565F94 /* UltimaOnlineCore */,
			);
		};
/* End PBXProject section */

/* Begin PBXSourcesBuildPhase section */
		2FDB1D281C4A690800565F94 /* Sources */ = {
			isa = PBXSourcesBuildPhase;
			buildActionMask = 2147483647;
			files = (
				2F5D7EF41D580EDA00B2269C /* GameServerListPacket.cpp in Sources */,
				2F5D7EEC1D5659F000B2269C /* LoginSeedPacket.cpp in Sources */,
				2F5D7EF11D58095B00B2269C /* LoginDeniedPacket.cpp in Sources */,
				2F5D7EFF1D5CF30A00B2269C /* Log.cpp in Sources */,
				2FDDB68B1D5FC6B10067E41D /* SelectServerPacket.cpp in Sources */,
				2F5D7F071D5E602C00B2269C /* ServerPacket.cpp in Sources */,
				2FDDB68E1D5FC8CD0067E41D /* ConnectToGameServerPacket.cpp in Sources */,
				2F5D7EFC1D5B72B700B2269C /* Game.cpp in Sources */,
				2F5D7EC81D52970B00B2269C /* NetworkManager.cpp in Sources */,
				2F5D7ED91D52B3C100B2269C /* LoginRequestPacket.cpp in Sources */,
				2F5D7F041D5E5A4C00B2269C /* ClientPacket.cpp in Sources */,
				2FDB1D301C4A690800565F94 /* main.mm in Sources */,
				2F5D7ED51D52A17500B2269C /* Packet.cpp in Sources */,
				2F5D7EE41D53FCBA00B2269C /* NetworkAdapter.cpp in Sources */,
				2F5D7EE21D53D70400B2269C /* NetworkAdapteriOS.mm in Sources */,
				2F5D7EF71D5A7AA400B2269C /* PacketHandler.cpp in Sources */,
			);
			runOnlyForDeploymentPostprocessing = 0;
		};
/* End PBXSourcesBuildPhase section */

/* Begin XCBuildConfiguration section */
		2FDB1D311C4A690800565F94 /* Debug */ = {
			isa = XCBuildConfiguration;
			buildSettings = {
				ALWAYS_SEARCH_USER_PATHS = NO;
				CLANG_CXX_LANGUAGE_STANDARD = "gnu++0x";
				CLANG_CXX_LIBRARY = "libc++";
				CLANG_ENABLE_MODULES = YES;
				CLANG_ENABLE_OBJC_ARC = YES;
				CLANG_WARN_BOOL_CONVERSION = YES;
				CLANG_WARN_CONSTANT_CONVERSION = YES;
				CLANG_WARN_DIRECT_OBJC_ISA_USAGE = YES_ERROR;
				CLANG_WARN_EMPTY_BODY = YES;
				CLANG_WARN_ENUM_CONVERSION = YES;
				CLANG_WARN_INT_CONVERSION = YES;
				CLANG_WARN_OBJC_ROOT_CLASS = YES_ERROR;
				CLANG_WARN_UNREACHABLE_CODE = YES;
				CLANG_WARN__DUPLICATE_METHOD_MATCH = YES;
				CODE_SIGN_IDENTITY = "-";
				COPY_PHASE_STRIP = NO;
				DEBUG_INFORMATION_FORMAT = dwarf;
				ENABLE_STRICT_OBJC_MSGSEND = YES;
				ENABLE_TESTABILITY = YES;
				GCC_C_LANGUAGE_STANDARD = c11;
				GCC_DYNAMIC_NO_PIC = NO;
				GCC_NO_COMMON_BLOCKS = YES;
				GCC_OPTIMIZATION_LEVEL = 0;
				GCC_PREPROCESSOR_DEFINITIONS = (
					"DEBUG=1",
					"$(inherited)",
				);
				GCC_WARN_64_TO_32_BIT_CONVERSION = YES;
				GCC_WARN_ABOUT_RETURN_TYPE = YES_ERROR;
				GCC_WARN_UNDECLARED_SELECTOR = YES;
				GCC_WARN_UNINITIALIZED_AUTOS = YES_AGGRESSIVE;
				GCC_WARN_UNUSED_FUNCTION = YES;
				GCC_WARN_UNUSED_VARIABLE = YES;
				MACOSX_DEPLOYMENT_TARGET = 10.11;
				MTL_ENABLE_DEBUG_INFO = YES;
				ONLY_ACTIVE_ARCH = YES;
				SDKROOT = macosx;
			};
			name = Debug;
		};
		2FDB1D321C4A690800565F94 /* Release */ = {
			isa = XCBuildConfiguration;
			buildSettings = {
				ALWAYS_SEARCH_USER_PATHS = NO;
				CLANG_CXX_LANGUAGE_STANDARD = "gnu++0x";
				CLANG_CXX_LIBRARY = "libc++";
				CLANG_ENABLE_MODULES = YES;
				CLANG_ENABLE_OBJC_ARC = YES;
				CLANG_WARN_BOOL_CONVERSION = YES;
				CLANG_WARN_CONSTANT_CONVERSION = YES;
				CLANG_WARN_DIRECT_OBJC_ISA_USAGE = YES_ERROR;
				CLANG_WARN_EMPTY_BODY = YES;
				CLANG_WARN_ENUM_CONVERSION = YES;
				CLANG_WARN_INT_CONVERSION = YES;
				CLANG_WARN_OBJC_ROOT_CLASS = YES_ERROR;
				CLANG_WARN_UNREACHABLE_CODE = YES;
				CLANG_WARN__DUPLICATE_METHOD_MATCH = YES;
				CODE_SIGN_IDENTITY = "-";
				COPY_PHASE_STRIP = NO;
				DEBUG_INFORMATION_FORMAT = "dwarf-with-dsym";
				ENABLE_NS_ASSERTIONS = NO;
				ENABLE_STRICT_OBJC_MSGSEND = YES;
				GCC_C_LANGUAGE_STANDARD = c11;
				GCC_NO_COMMON_BLOCKS = YES;
				GCC_WARN_64_TO_32_BIT_CONVERSION = YES;
				GCC_WARN_ABOUT_RETURN_TYPE = YES_ERROR;
				GCC_WARN_UNDECLARED_SELECTOR = YES;
				GCC_WARN_UNINITIALIZED_AUTOS = YES_AGGRESSIVE;
				GCC_WARN_UNUSED_FUNCTION = YES;
				GCC_WARN_UNUSED_VARIABLE = YES;
				MACOSX_DEPLOYMENT_TARGET = 10.11;
				MTL_ENABLE_DEBUG_INFO = NO;
				SDKROOT = macosx;
			};
			name = Release;
		};
		2FDB1D341C4A690800565F94 /* Debug */ = {
			isa = XCBuildConfiguration;
			buildSettings = {
				PRODUCT_NAME = "$(TARGET_NAME)";
			};
			name = Debug;
		};
		2FDB1D351C4A690800565F94 /* Release */ = {
			isa = XCBuildConfiguration;
			buildSettings = {
				PRODUCT_NAME = "$(TARGET_NAME)";
			};
			name = Release;
		};
/* End XCBuildConfiguration section */

/* Begin XCConfigurationList section */
		2FDB1D271C4A690800565F94 /* Build configuration list for PBXProject "UltimaOnlineCore" */ = {
			isa = XCConfigurationList;
			buildConfigurations = (
				2FDB1D311C4A690800565F94 /* Debug */,
				2FDB1D321C4A690800565F94 /* Release */,
			);
			defaultConfigurationIsVisible = 0;
			defaultConfigurationName = Release;
		};
		2FDB1D331C4A690800565F94 /* Build configuration list for PBXNativeTarget "UltimaOnlineCore" */ = {
			isa = XCConfigurationList;
			buildConfigurations = (
				2FDB1D341C4A690800565F94 /* Debug */,
				2FDB1D351C4A690800565F94 /* Release */,
			);
			defaultConfigurationIsVisible = 0;
			defaultConfigurationName = Release;
		};
/* End XCConfigurationList section */
	};
	rootObject = 2FDB1D241C4A690800565F94 /* Project object */;
}
