// !$*UTF8*$!
{
	archiveVersion = 1;
	classes = {
	};
	objectVersion = 46;
	objects = {

/* Begin PBXBuildFile section */
		2F4E5C0E1CB94B8000BC8E04 /* FileManager.cpp in Sources */ = {isa = PBXBuildFile; fileRef = 2F4E5C0D1CB94B8000BC8E04 /* FileManager.cpp */; };
		2F4E5C111CB94CA000BC8E04 /* File.cpp in Sources */ = {isa = PBXBuildFile; fileRef = 2F4E5C0F1CB94CA000BC8E04 /* File.cpp */; };
		2FDB1D301C4A690800565F94 /* main.cpp in Sources */ = {isa = PBXBuildFile; fileRef = 2FDB1D2F1C4A690800565F94 /* main.cpp */; };
/* End PBXBuildFile section */

/* Begin PBXCopyFilesBuildPhase section */
		2FDB1D2A1C4A690800565F94 /* CopyFiles */ = {
			isa = PBXCopyFilesBuildPhase;
			buildActionMask = 2147483647;
			dstPath = /usr/share/man/man1/;
			dstSubfolderSpec = 0;
			files = (
			);
			runOnlyForDeploymentPostprocessing = 1;
		};
/* End PBXCopyFilesBuildPhase section */

/* Begin PBXFileReference section */
		2F4E5C0B1CB93B9500BC8E04 /* FileManager.h */ = {isa = PBXFileReference; lastKnownFileType = sourcecode.c.h; path = FileManager.h; sourceTree = "<group>"; };
		2F4E5C0D1CB94B8000BC8E04 /* FileManager.cpp */ = {isa = PBXFileReference; fileEncoding = 4; lastKnownFileType = sourcecode.cpp.cpp; path = FileManager.cpp; sourceTree = "<group>"; };
		2F4E5C0F1CB94CA000BC8E04 /* File.cpp */ = {isa = PBXFileReference; fileEncoding = 4; lastKnownFileType = sourcecode.cpp.cpp; path = File.cpp; sourceTree = "<group>"; };
		2F4E5C101CB94CA000BC8E04 /* File.h */ = {isa = PBXFileReference; fileEncoding = 4; lastKnownFileType = sourcecode.c.h; path = File.h; sourceTree = "<group>"; };
		2FDB1D2C1C4A690800565F94 /* UltimaOnlineCore */ = {isa = PBXFileReference; explicitFileType = "compiled.mach-o.executable"; includeInIndex = 0; path = UltimaOnlineCore; sourceTree = BUILT_PRODUCTS_DIR; };
		2FDB1D2F1C4A690800565F94 /* main.cpp */ = {isa = PBXFileReference; lastKnownFileType = sourcecode.cpp.cpp; path = main.cpp; sourceTree = "<group>"; };
/* End PBXFileReference section */

/* Begin PBXFrameworksBuildPhase section */
		2FDB1D291C4A690800565F94 /* Frameworks */ = {
			isa = PBXFrameworksBuildPhase;
			buildActionMask = 2147483647;
			files = (
			);
			runOnlyForDeploymentPostprocessing = 0;
		};
/* End PBXFrameworksBuildPhase section */

/* Begin PBXGroup section */
		2F4E5C0A1CB9377700BC8E04 /* FileManager */ = {
			isa = PBXGroup;
			children = (
				2F4E5C0B1CB93B9500BC8E04 /* FileManager.h */,
				2F4E5C0D1CB94B8000BC8E04 /* FileManager.cpp */,
				2F4E5C101CB94CA000BC8E04 /* File.h */,
				2F4E5C0F1CB94CA000BC8E04 /* File.cpp */,
			);
			path = FileManager;
			sourceTree = "<group>";
		};
		2F4E5C0C1CB93F1000BC8E04 /* Core */ = {
			isa = PBXGroup;
			children = (
			);
			name = Core;
			sourceTree = "<group>";
		};
		2FDB1D231C4A690800565F94 = {
			isa = PBXGroup;
			children = (
				2FDB1D2E1C4A690800565F94 /* UltimaOnlineCore */,
				2FDB1D2D1C4A690800565F94 /* Products */,
			);
			sourceTree = "<group>";
		};
		2FDB1D2D1C4A690800565F94 /* Products */ = {
			isa = PBXGroup;
			children = (
				2FDB1D2C1C4A690800565F94 /* UltimaOnlineCore */,
			);
			name = Products;
			sourceTree = "<group>";
		};
		2FDB1D2E1C4A690800565F94 /* UltimaOnlineCore */ = {
			isa = PBXGroup;
			children = (
				2F4E5C0C1CB93F1000BC8E04 /* Core */,
				2F4E5C0A1CB9377700BC8E04 /* FileManager */,
				2FDB1D2F1C4A690800565F94 /* main.cpp */,
			);
			path = UltimaOnlineCore;
			sourceTree = "<group>";
		};
/* End PBXGroup section */

/* Begin PBXNativeTarget section */
		2FDB1D2B1C4A690800565F94 /* UltimaOnlineCore */ = {
			isa = PBXNativeTarget;
			buildConfigurationList = 2FDB1D331C4A690800565F94 /* Build configuration list for PBXNativeTarget "UltimaOnlineCore" */;
			buildPhases = (
				2FDB1D281C4A690800565F94 /* Sources */,
				2FDB1D291C4A690800565F94 /* Frameworks */,
				2FDB1D2A1C4A690800565F94 /* CopyFiles */,
			);
			buildRules = (
			);
			dependencies = (
			);
			name = UltimaOnlineCore;
			productName = UltimaOnlineCore;
			productReference = 2FDB1D2C1C4A690800565F94 /* UltimaOnlineCore */;
			productType = "com.apple.product-type.tool";
		};
/* End PBXNativeTarget section */

/* Begin PBXProject section */
		2FDB1D241C4A690800565F94 /* Project object */ = {
			isa = PBXProject;
			attributes = {
				LastUpgradeCheck = 0720;
				ORGANIZATIONNAME = "Hercules Junior";
				TargetAttributes = {
					2FDB1D2B1C4A690800565F94 = {
						CreatedOnToolsVersion = 7.2;
					};
				};
			};
			buildConfigurationList = 2FDB1D271C4A690800565F94 /* Build configuration list for PBXProject "UltimaOnlineCore" */;
			compatibilityVersion = "Xcode 3.2";
			developmentRegion = English;
			hasScannedForEncodings = 0;
			knownRegions = (
				en,
			);
			mainGroup = 2FDB1D231C4A690800565F94;
			productRefGroup = 2FDB1D2D1C4A690800565F94 /* Products */;
			projectDirPath = "";
			projectRoot = "";
			targets = (
				2FDB1D2B1C4A690800565F94 /* UltimaOnlineCore */,
			);
		};
/* End PBXProject section */

/* Begin PBXSourcesBuildPhase section */
		2FDB1D281C4A690800565F94 /* Sources */ = {
			isa = PBXSourcesBuildPhase;
			buildActionMask = 2147483647;
			files = (
				2F4E5C111CB94CA000BC8E04 /* File.cpp in Sources */,
				2FDB1D301C4A690800565F94 /* main.cpp in Sources */,
				2F4E5C0E1CB94B8000BC8E04 /* FileManager.cpp in Sources */,
			);
			runOnlyForDeploymentPostprocessing = 0;
		};
/* End PBXSourcesBuildPhase section */

/* Begin XCBuildConfiguration section */
		2FDB1D311C4A690800565F94 /* Debug */ = {
			isa = XCBuildConfiguration;
			buildSettings = {
				ALWAYS_SEARCH_USER_PATHS = NO;
				CLANG_CXX_LANGUAGE_STANDARD = "gnu++0x";
				CLANG_CXX_LIBRARY = "libc++";
				CLANG_ENABLE_MODULES = YES;
				CLANG_ENABLE_OBJC_ARC = YES;
				CLANG_WARN_BOOL_CONVERSION = YES;
				CLANG_WARN_CONSTANT_CONVERSION = YES;
				CLANG_WARN_DIRECT_OBJC_ISA_USAGE = YES_ERROR;
				CLANG_WARN_EMPTY_BODY = YES;
				CLANG_WARN_ENUM_CONVERSION = YES;
				CLANG_WARN_INT_CONVERSION = YES;
				CLANG_WARN_OBJC_ROOT_CLASS = YES_ERROR;
				CLANG_WARN_UNREACHABLE_CODE = YES;
				CLANG_WARN__DUPLICATE_METHOD_MATCH = YES;
				CODE_SIGN_IDENTITY = "-";
				COPY_PHASE_STRIP = NO;
				DEBUG_INFORMATION_FORMAT = dwarf;
				ENABLE_STRICT_OBJC_MSGSEND = YES;
				ENABLE_TESTABILITY = YES;
				GCC_C_LANGUAGE_STANDARD = c11;
				GCC_DYNAMIC_NO_PIC = NO;
				GCC_NO_COMMON_BLOCKS = YES;
				GCC_OPTIMIZATION_LEVEL = 0;
				GCC_PREPROCESSOR_DEFINITIONS = (
					"DEBUG=1",
					"$(inherited)",
				);
				GCC_WARN_64_TO_32_BIT_CONVERSION = YES;
				GCC_WARN_ABOUT_RETURN_TYPE = YES_ERROR;
				GCC_WARN_UNDECLARED_SELECTOR = YES;
				GCC_WARN_UNINITIALIZED_AUTOS = YES_AGGRESSIVE;
				GCC_WARN_UNUSED_FUNCTION = YES;
				GCC_WARN_UNUSED_VARIABLE = YES;
				MACOSX_DEPLOYMENT_TARGET = 10.11;
				MTL_ENABLE_DEBUG_INFO = YES;
				ONLY_ACTIVE_ARCH = YES;
				SDKROOT = macosx;
			};
			name = Debug;
		};
		2FDB1D321C4A690800565F94 /* Release */ = {
			isa = XCBuildConfiguration;
			buildSettings = {
				ALWAYS_SEARCH_USER_PATHS = NO;
				CLANG_CXX_LANGUAGE_STANDARD = "gnu++0x";
				CLANG_CXX_LIBRARY = "libc++";
				CLANG_ENABLE_MODULES = YES;
				CLANG_ENABLE_OBJC_ARC = YES;
				CLANG_WARN_BOOL_CONVERSION = YES;
				CLANG_WARN_CONSTANT_CONVERSION = YES;
				CLANG_WARN_DIRECT_OBJC_ISA_USAGE = YES_ERROR;
				CLANG_WARN_EMPTY_BODY = YES;
				CLANG_WARN_ENUM_CONVERSION = YES;
				CLANG_WARN_INT_CONVERSION = YES;
				CLANG_WARN_OBJC_ROOT_CLASS = YES_ERROR;
				CLANG_WARN_UNREACHABLE_CODE = YES;
				CLANG_WARN__DUPLICATE_METHOD_MATCH = YES;
				CODE_SIGN_IDENTITY = "-";
				COPY_PHASE_STRIP = NO;
				DEBUG_INFORMATION_FORMAT = "dwarf-with-dsym";
				ENABLE_NS_ASSERTIONS = NO;
				ENABLE_STRICT_OBJC_MSGSEND = YES;
				GCC_C_LANGUAGE_STANDARD = c11;
				GCC_NO_COMMON_BLOCKS = YES;
				GCC_WARN_64_TO_32_BIT_CONVERSION = YES;
				GCC_WARN_ABOUT_RETURN_TYPE = YES_ERROR;
				GCC_WARN_UNDECLARED_SELECTOR = YES;
				GCC_WARN_UNINITIALIZED_AUTOS = YES_AGGRESSIVE;
				GCC_WARN_UNUSED_FUNCTION = YES;
				GCC_WARN_UNUSED_VARIABLE = YES;
				MACOSX_DEPLOYMENT_TARGET = 10.11;
				MTL_ENABLE_DEBUG_INFO = NO;
				SDKROOT = macosx;
			};
			name = Release;
		};
		2FDB1D341C4A690800565F94 /* Debug */ = {
			isa = XCBuildConfiguration;
			buildSettings = {
				PRODUCT_NAME = "$(TARGET_NAME)";
			};
			name = Debug;
		};
		2FDB1D351C4A690800565F94 /* Release */ = {
			isa = XCBuildConfiguration;
			buildSettings = {
				PRODUCT_NAME = "$(TARGET_NAME)";
			};
			name = Release;
		};
/* End XCBuildConfiguration section */

/* Begin XCConfigurationList section */
		2FDB1D271C4A690800565F94 /* Build configuration list for PBXProject "UltimaOnlineCore" */ = {
			isa = XCConfigurationList;
			buildConfigurations = (
				2FDB1D311C4A690800565F94 /* Debug */,
				2FDB1D321C4A690800565F94 /* Release */,
			);
			defaultConfigurationIsVisible = 0;
			defaultConfigurationName = Release;
		};
		2FDB1D331C4A690800565F94 /* Build configuration list for PBXNativeTarget "UltimaOnlineCore" */ = {
			isa = XCConfigurationList;
			buildConfigurations = (
				2FDB1D341C4A690800565F94 /* Debug */,
				2FDB1D351C4A690800565F94 /* Release */,
			);
			defaultConfigurationIsVisible = 0;
			defaultConfigurationName = Release;
		};
/* End XCConfigurationList section */
	};
	rootObject = 2FDB1D241C4A690800565F94 /* Project object */;
}
